// !$*UTF8*$!
{
	archiveVersion = 1;
	classes = {
	};
	objectVersion = 77;
	objects = {

/* Begin PBXBuildFile section */
		873331F52E5A5CF80074DE5E /* FSCalendar in Frameworks */ = {isa = PBXBuildFile; productRef = 873331F42E5A5CF80074DE5E /* FSCalendar */; };
		87B607522E597EAB009518A2 /* FirebaseAI in Frameworks */ = {isa = PBXBuildFile; productRef = 87B607512E597EAB009518A2 /* FirebaseAI */; };
		87B607542E597EAB009518A2 /* FirebaseAnalytics in Frameworks */ = {isa = PBXBuildFile; productRef = 87B607532E597EAB009518A2 /* FirebaseAnalytics */; };
		87B607562E597EAB009518A2 /* FirebaseAnalyticsCore in Frameworks */ = {isa = PBXBuildFile; productRef = 87B607552E597EAB009518A2 /* FirebaseAnalyticsCore */; };
		87B607582E597EAB009518A2 /* FirebaseAnalyticsIdentitySupport in Frameworks */ = {isa = PBXBuildFile; productRef = 87B607572E597EAB009518A2 /* FirebaseAnalyticsIdentitySupport */; };
		87B6075A2E597EAB009518A2 /* FirebaseAppCheck in Frameworks */ = {isa = PBXBuildFile; productRef = 87B607592E597EAB009518A2 /* FirebaseAppCheck */; };
		87B6075C2E597EAB009518A2 /* FirebaseAppDistribution-Beta in Frameworks */ = {isa = PBXBuildFile; productRef = 87B6075B2E597EAB009518A2 /* FirebaseAppDistribution-Beta */; };
		87B6075E2E597EAB009518A2 /* FirebaseAuth in Frameworks */ = {isa = PBXBuildFile; productRef = 87B6075D2E597EAB009518A2 /* FirebaseAuth */; };
		87B607602E597EAB009518A2 /* FirebaseAuthCombine-Community in Frameworks */ = {isa = PBXBuildFile; productRef = 87B6075F2E597EAB009518A2 /* FirebaseAuthCombine-Community */; };
		87B607622E597EAB009518A2 /* FirebaseCore in Frameworks */ = {isa = PBXBuildFile; productRef = 87B607612E597EAB009518A2 /* FirebaseCore */; };
		87B607642E597EAB009518A2 /* FirebaseCrashlytics in Frameworks */ = {isa = PBXBuildFile; productRef = 87B607632E597EAB009518A2 /* FirebaseCrashlytics */; };
		87B607662E597EAB009518A2 /* FirebaseDatabase in Frameworks */ = {isa = PBXBuildFile; productRef = 87B607652E597EAB009518A2 /* FirebaseDatabase */; };
		87B607682E597EAB009518A2 /* FirebaseFirestore in Frameworks */ = {isa = PBXBuildFile; productRef = 87B607672E597EAB009518A2 /* FirebaseFirestore */; };
		87B6076A2E597EAB009518A2 /* FirebaseFirestoreCombine-Community in Frameworks */ = {isa = PBXBuildFile; productRef = 87B607692E597EAB009518A2 /* FirebaseFirestoreCombine-Community */; };
		87B6076C2E597EAB009518A2 /* FirebaseFunctions in Frameworks */ = {isa = PBXBuildFile; productRef = 87B6076B2E597EAB009518A2 /* FirebaseFunctions */; };
		87B6076E2E597EAB009518A2 /* FirebaseFunctionsCombine-Community in Frameworks */ = {isa = PBXBuildFile; productRef = 87B6076D2E597EAB009518A2 /* FirebaseFunctionsCombine-Community */; };
		87B607702E597EAB009518A2 /* FirebaseInAppMessaging-Beta in Frameworks */ = {isa = PBXBuildFile; productRef = 87B6076F2E597EAB009518A2 /* FirebaseInAppMessaging-Beta */; };
		87B607722E597EAB009518A2 /* FirebaseInstallations in Frameworks */ = {isa = PBXBuildFile; productRef = 87B607712E597EAB009518A2 /* FirebaseInstallations */; };
		87B607742E597EAB009518A2 /* FirebaseMLModelDownloader in Frameworks */ = {isa = PBXBuildFile; productRef = 87B607732E597EAB009518A2 /* FirebaseMLModelDownloader */; };
		87B607762E597EAB009518A2 /* FirebaseMessaging in Frameworks */ = {isa = PBXBuildFile; productRef = 87B607752E597EAB009518A2 /* FirebaseMessaging */; };
		87B607782E597EAB009518A2 /* FirebasePerformance in Frameworks */ = {isa = PBXBuildFile; productRef = 87B607772E597EAB009518A2 /* FirebasePerformance */; };
		87B6077A2E597EAB009518A2 /* FirebaseRemoteConfig in Frameworks */ = {isa = PBXBuildFile; productRef = 87B607792E597EAB009518A2 /* FirebaseRemoteConfig */; };
		87B6077C2E597EAB009518A2 /* FirebaseStorage in Frameworks */ = {isa = PBXBuildFile; productRef = 87B6077B2E597EAB009518A2 /* FirebaseStorage */; };
		87B6077E2E597EAB009518A2 /* FirebaseStorageCombine-Community in Frameworks */ = {isa = PBXBuildFile; productRef = 87B6077D2E597EAB009518A2 /* FirebaseStorageCombine-Community */; };
		87B607A22E59F07A009518A2 /* GoogleSignIn in Frameworks */ = {isa = PBXBuildFile; productRef = 87B607A12E59F07A009518A2 /* GoogleSignIn */; };
		87B607A42E59F07A009518A2 /* GoogleSignInSwift in Frameworks */ = {isa = PBXBuildFile; productRef = 87B607A32E59F07A009518A2 /* GoogleSignInSwift */; };
		87B608342E5A210B009518A2 /* Lottie in Frameworks */ = {isa = PBXBuildFile; productRef = 87B608332E5A210B009518A2 /* Lottie */; };
/* End PBXBuildFile section */

/* Begin PBXCopyFilesBuildPhase section */
		87B608262E5A1AE0009518A2 /* Embed Frameworks */ = {
			isa = PBXCopyFilesBuildPhase;
			buildActionMask = 2147483647;
			dstPath = "";
			dstSubfolderSpec = 10;
			files = (
			);
			name = "Embed Frameworks";
			runOnlyForDeploymentPostprocessing = 0;
		};
/* End PBXCopyFilesBuildPhase section */

/* Begin PBXFileReference section */
		87B607402E597AF5009518A2 /* NetO_JunctionAsia2025.app */ = {isa = PBXFileReference; explicitFileType = wrapper.application; includeInIndex = 0; path = NetO_JunctionAsia2025.app; sourceTree = BUILT_PRODUCTS_DIR; };
/* End PBXFileReference section */

/* Begin PBXFileSystemSynchronizedRootGroup section */
		87B607422E597AF5009518A2 /* NetO_JunctionAsia2025 */ = {
			isa = PBXFileSystemSynchronizedRootGroup;
			path = NetO_JunctionAsia2025;
			sourceTree = "<group>";
		};
/* End PBXFileSystemSynchronizedRootGroup section */

/* Begin PBXFrameworksBuildPhase section */
		87B6073D2E597AF5009518A2 /* Frameworks */ = {
			isa = PBXFrameworksBuildPhase;
			buildActionMask = 2147483647;
			files = (
				87B6076A2E597EAB009518A2 /* FirebaseFirestoreCombine-Community in Frameworks */,
				87B6076C2E597EAB009518A2 /* FirebaseFunctions in Frameworks */,
				87B607782E597EAB009518A2 /* FirebasePerformance in Frameworks */,
				87B6077E2E597EAB009518A2 /* FirebaseStorageCombine-Community in Frameworks */,
				87B6077A2E597EAB009518A2 /* FirebaseRemoteConfig in Frameworks */,
				87B607582E597EAB009518A2 /* FirebaseAnalyticsIdentitySupport in Frameworks */,
				87B607542E597EAB009518A2 /* FirebaseAnalytics in Frameworks */,
				87B607562E597EAB009518A2 /* FirebaseAnalyticsCore in Frameworks */,
				87B6075A2E597EAB009518A2 /* FirebaseAppCheck in Frameworks */,
				87B607522E597EAB009518A2 /* FirebaseAI in Frameworks */,
				87B607682E597EAB009518A2 /* FirebaseFirestore in Frameworks */,
				87B607762E597EAB009518A2 /* FirebaseMessaging in Frameworks */,
				87B607722E597EAB009518A2 /* FirebaseInstallations in Frameworks */,
				873331F52E5A5CF80074DE5E /* FSCalendar in Frameworks */,
				87B608342E5A210B009518A2 /* Lottie in Frameworks */,
				87B6076E2E597EAB009518A2 /* FirebaseFunctionsCombine-Community in Frameworks */,
				87B6075E2E597EAB009518A2 /* FirebaseAuth in Frameworks */,
				87B6075C2E597EAB009518A2 /* FirebaseAppDistribution-Beta in Frameworks */,
				87B607702E597EAB009518A2 /* FirebaseInAppMessaging-Beta in Frameworks */,
				87B607A22E59F07A009518A2 /* GoogleSignIn in Frameworks */,
				87B607642E597EAB009518A2 /* FirebaseCrashlytics in Frameworks */,
				87B607662E597EAB009518A2 /* FirebaseDatabase in Frameworks */,
				87B607A42E59F07A009518A2 /* GoogleSignInSwift in Frameworks */,
				87B607742E597EAB009518A2 /* FirebaseMLModelDownloader in Frameworks */,
				87B6077C2E597EAB009518A2 /* FirebaseStorage in Frameworks */,
				87B607622E597EAB009518A2 /* FirebaseCore in Frameworks */,
				87B607602E597EAB009518A2 /* FirebaseAuthCombine-Community in Frameworks */,
			);
			runOnlyForDeploymentPostprocessing = 0;
		};
/* End PBXFrameworksBuildPhase section */

/* Begin PBXGroup section */
		87B607372E597AF5009518A2 = {
			isa = PBXGroup;
			children = (
				87B607422E597AF5009518A2 /* NetO_JunctionAsia2025 */,
				87B607412E597AF5009518A2 /* Products */,
			);
			sourceTree = "<group>";
		};
		87B607412E597AF5009518A2 /* Products */ = {
			isa = PBXGroup;
			children = (
				87B607402E597AF5009518A2 /* NetO_JunctionAsia2025.app */,
			);
			name = Products;
			sourceTree = "<group>";
		};
/* End PBXGroup section */

/* Begin PBXNativeTarget section */
		87B6073F2E597AF5009518A2 /* NetO_JunctionAsia2025 */ = {
			isa = PBXNativeTarget;
			buildConfigurationList = 87B6074B2E597AF7009518A2 /* Build configuration list for PBXNativeTarget "NetO_JunctionAsia2025" */;
			buildPhases = (
				87B6073C2E597AF5009518A2 /* Sources */,
				87B6073D2E597AF5009518A2 /* Frameworks */,
				87B6073E2E597AF5009518A2 /* Resources */,
				87B608262E5A1AE0009518A2 /* Embed Frameworks */,
			);
			buildRules = (
			);
			dependencies = (
			);
			fileSystemSynchronizedGroups = (
				87B607422E597AF5009518A2 /* NetO_JunctionAsia2025 */,
			);
			name = NetO_JunctionAsia2025;
			packageProductDependencies = (
				87B607512E597EAB009518A2 /* FirebaseAI */,
				87B607532E597EAB009518A2 /* FirebaseAnalytics */,
				87B607552E597EAB009518A2 /* FirebaseAnalyticsCore */,
				87B607572E597EAB009518A2 /* FirebaseAnalyticsIdentitySupport */,
				87B607592E597EAB009518A2 /* FirebaseAppCheck */,
				87B6075B2E597EAB009518A2 /* FirebaseAppDistribution-Beta */,
				87B6075D2E597EAB009518A2 /* FirebaseAuth */,
				87B6075F2E597EAB009518A2 /* FirebaseAuthCombine-Community */,
				87B607612E597EAB009518A2 /* FirebaseCore */,
				87B607632E597EAB009518A2 /* FirebaseCrashlytics */,
				87B607652E597EAB009518A2 /* FirebaseDatabase */,
				87B607672E597EAB009518A2 /* FirebaseFirestore */,
				87B607692E597EAB009518A2 /* FirebaseFirestoreCombine-Community */,
				87B6076B2E597EAB009518A2 /* FirebaseFunctions */,
				87B6076D2E597EAB009518A2 /* FirebaseFunctionsCombine-Community */,
				87B6076F2E597EAB009518A2 /* FirebaseInAppMessaging-Beta */,
				87B607712E597EAB009518A2 /* FirebaseInstallations */,
				87B607732E597EAB009518A2 /* FirebaseMLModelDownloader */,
				87B607752E597EAB009518A2 /* FirebaseMessaging */,
				87B607772E597EAB009518A2 /* FirebasePerformance */,
				87B607792E597EAB009518A2 /* FirebaseRemoteConfig */,
				87B6077B2E597EAB009518A2 /* FirebaseStorage */,
				87B6077D2E597EAB009518A2 /* FirebaseStorageCombine-Community */,
				87B607A12E59F07A009518A2 /* GoogleSignIn */,
				87B607A32E59F07A009518A2 /* GoogleSignInSwift */,
				87B608332E5A210B009518A2 /* Lottie */,
				873331F42E5A5CF80074DE5E /* FSCalendar */,
			);
			productName = NetO_JunctionAsia2025;
			productReference = 87B607402E597AF5009518A2 /* NetO_JunctionAsia2025.app */;
			productType = "com.apple.product-type.application";
		};
/* End PBXNativeTarget section */

/* Begin PBXProject section */
		87B607382E597AF5009518A2 /* Project object */ = {
			isa = PBXProject;
			attributes = {
				BuildIndependentTargetsInParallel = 1;
				LastSwiftUpdateCheck = 2600;
				LastUpgradeCheck = 2600;
				TargetAttributes = {
					87B6073F2E597AF5009518A2 = {
						CreatedOnToolsVersion = 26.0;
					};
				};
			};
			buildConfigurationList = 87B6073B2E597AF5009518A2 /* Build configuration list for PBXProject "NetO_JunctionAsia2025" */;
			developmentRegion = en;
			hasScannedForEncodings = 0;
			knownRegions = (
				en,
				Base,
			);
			mainGroup = 87B607372E597AF5009518A2;
			minimizedProjectReferenceProxies = 1;
			packageReferences = (
				87B607502E597EAB009518A2 /* XCRemoteSwiftPackageReference "firebase-ios-sdk" */,
				87B607A02E59F07A009518A2 /* XCRemoteSwiftPackageReference "GoogleSignIn-iOS" */,
				87B608322E5A210B009518A2 /* XCRemoteSwiftPackageReference "lottie-ios" */,
				873331F32E5A5CF80074DE5E /* XCRemoteSwiftPackageReference "FSCalendar" */,
			);
			preferredProjectObjectVersion = 77;
			productRefGroup = 87B607412E597AF5009518A2 /* Products */;
			projectDirPath = "";
			projectRoot = "";
			targets = (
				87B6073F2E597AF5009518A2 /* NetO_JunctionAsia2025 */,
			);
		};
/* End PBXProject section */

/* Begin PBXResourcesBuildPhase section */
		87B6073E2E597AF5009518A2 /* Resources */ = {
			isa = PBXResourcesBuildPhase;
			buildActionMask = 2147483647;
			files = (
			);
			runOnlyForDeploymentPostprocessing = 0;
		};
/* End PBXResourcesBuildPhase section */

/* Begin PBXSourcesBuildPhase section */
		87B6073C2E597AF5009518A2 /* Sources */ = {
			isa = PBXSourcesBuildPhase;
			buildActionMask = 2147483647;
			files = (
			);
			runOnlyForDeploymentPostprocessing = 0;
		};
/* End PBXSourcesBuildPhase section */

/* Begin XCBuildConfiguration section */
		87B607492E597AF7009518A2 /* Debug */ = {
			isa = XCBuildConfiguration;
			buildSettings = {
				ALWAYS_SEARCH_USER_PATHS = NO;
				ASSETCATALOG_COMPILER_GENERATE_SWIFT_ASSET_SYMBOL_EXTENSIONS = YES;
				CLANG_ANALYZER_NONNULL = YES;
				CLANG_ANALYZER_NUMBER_OBJECT_CONVERSION = YES_AGGRESSIVE;
				CLANG_CXX_LANGUAGE_STANDARD = "gnu++20";
				CLANG_ENABLE_MODULES = YES;
				CLANG_ENABLE_OBJC_ARC = YES;
				CLANG_ENABLE_OBJC_WEAK = YES;
				CLANG_WARN_BLOCK_CAPTURE_AUTORELEASING = YES;
				CLANG_WARN_BOOL_CONVERSION = YES;
				CLANG_WARN_COMMA = YES;
				CLANG_WARN_CONSTANT_CONVERSION = YES;
				CLANG_WARN_DEPRECATED_OBJC_IMPLEMENTATIONS = YES;
				CLANG_WARN_DIRECT_OBJC_ISA_USAGE = YES_ERROR;
				CLANG_WARN_DOCUMENTATION_COMMENTS = YES;
				CLANG_WARN_EMPTY_BODY = YES;
				CLANG_WARN_ENUM_CONVERSION = YES;
				CLANG_WARN_INFINITE_RECURSION = YES;
				CLANG_WARN_INT_CONVERSION = YES;
				CLANG_WARN_NON_LITERAL_NULL_CONVERSION = YES;
				CLANG_WARN_OBJC_IMPLICIT_RETAIN_SELF = YES;
				CLANG_WARN_OBJC_LITERAL_CONVERSION = YES;
				CLANG_WARN_OBJC_ROOT_CLASS = YES_ERROR;
				CLANG_WARN_QUOTED_INCLUDE_IN_FRAMEWORK_HEADER = YES;
				CLANG_WARN_RANGE_LOOP_ANALYSIS = YES;
				CLANG_WARN_STRICT_PROTOTYPES = YES;
				CLANG_WARN_SUSPICIOUS_MOVE = YES;
				CLANG_WARN_UNGUARDED_AVAILABILITY = YES_AGGRESSIVE;
				CLANG_WARN_UNREACHABLE_CODE = YES;
				CLANG_WARN__DUPLICATE_METHOD_MATCH = YES;
				COPY_PHASE_STRIP = NO;
				DEBUG_INFORMATION_FORMAT = dwarf;
				DEVELOPMENT_TEAM = 3ZR27WJQYX;
				ENABLE_STRICT_OBJC_MSGSEND = YES;
				ENABLE_TESTABILITY = YES;
				ENABLE_USER_SCRIPT_SANDBOXING = YES;
				GCC_C_LANGUAGE_STANDARD = gnu17;
				GCC_DYNAMIC_NO_PIC = NO;
				GCC_NO_COMMON_BLOCKS = YES;
				GCC_OPTIMIZATION_LEVEL = 0;
				GCC_PREPROCESSOR_DEFINITIONS = (
					"DEBUG=1",
					"$(inherited)",
				);
				GCC_WARN_64_TO_32_BIT_CONVERSION = YES;
				GCC_WARN_ABOUT_RETURN_TYPE = YES_ERROR;
				GCC_WARN_UNDECLARED_SELECTOR = YES;
				GCC_WARN_UNINITIALIZED_AUTOS = YES_AGGRESSIVE;
				GCC_WARN_UNUSED_FUNCTION = YES;
				GCC_WARN_UNUSED_VARIABLE = YES;
				LOCALIZATION_PREFERS_STRING_CATALOGS = YES;
				MTL_ENABLE_DEBUG_INFO = INCLUDE_SOURCE;
				MTL_FAST_MATH = YES;
				ONLY_ACTIVE_ARCH = YES;
				SWIFT_ACTIVE_COMPILATION_CONDITIONS = "DEBUG $(inherited)";
				SWIFT_OPTIMIZATION_LEVEL = "-Onone";
			};
			name = Debug;
		};
		87B6074A2E597AF7009518A2 /* Release */ = {
			isa = XCBuildConfiguration;
			buildSettings = {
				ALWAYS_SEARCH_USER_PATHS = NO;
				ASSETCATALOG_COMPILER_GENERATE_SWIFT_ASSET_SYMBOL_EXTENSIONS = YES;
				CLANG_ANALYZER_NONNULL = YES;
				CLANG_ANALYZER_NUMBER_OBJECT_CONVERSION = YES_AGGRESSIVE;
				CLANG_CXX_LANGUAGE_STANDARD = "gnu++20";
				CLANG_ENABLE_MODULES = YES;
				CLANG_ENABLE_OBJC_ARC = YES;
				CLANG_ENABLE_OBJC_WEAK = YES;
				CLANG_WARN_BLOCK_CAPTURE_AUTORELEASING = YES;
				CLANG_WARN_BOOL_CONVERSION = YES;
				CLANG_WARN_COMMA = YES;
				CLANG_WARN_CONSTANT_CONVERSION = YES;
				CLANG_WARN_DEPRECATED_OBJC_IMPLEMENTATIONS = YES;
				CLANG_WARN_DIRECT_OBJC_ISA_USAGE = YES_ERROR;
				CLANG_WARN_DOCUMENTATION_COMMENTS = YES;
				CLANG_WARN_EMPTY_BODY = YES;
				CLANG_WARN_ENUM_CONVERSION = YES;
				CLANG_WARN_INFINITE_RECURSION = YES;
				CLANG_WARN_INT_CONVERSION = YES;
				CLANG_WARN_NON_LITERAL_NULL_CONVERSION = YES;
				CLANG_WARN_OBJC_IMPLICIT_RETAIN_SELF = YES;
				CLANG_WARN_OBJC_LITERAL_CONVERSION = YES;
				CLANG_WARN_OBJC_ROOT_CLASS = YES_ERROR;
				CLANG_WARN_QUOTED_INCLUDE_IN_FRAMEWORK_HEADER = YES;
				CLANG_WARN_RANGE_LOOP_ANALYSIS = YES;
				CLANG_WARN_STRICT_PROTOTYPES = YES;
				CLANG_WARN_SUSPICIOUS_MOVE = YES;
				CLANG_WARN_UNGUARDED_AVAILABILITY = YES_AGGRESSIVE;
				CLANG_WARN_UNREACHABLE_CODE = YES;
				CLANG_WARN__DUPLICATE_METHOD_MATCH = YES;
				COPY_PHASE_STRIP = NO;
				DEBUG_INFORMATION_FORMAT = "dwarf-with-dsym";
				DEVELOPMENT_TEAM = 3ZR27WJQYX;
				ENABLE_NS_ASSERTIONS = NO;
				ENABLE_STRICT_OBJC_MSGSEND = YES;
				ENABLE_USER_SCRIPT_SANDBOXING = YES;
				GCC_C_LANGUAGE_STANDARD = gnu17;
				GCC_NO_COMMON_BLOCKS = YES;
				GCC_WARN_64_TO_32_BIT_CONVERSION = YES;
				GCC_WARN_ABOUT_RETURN_TYPE = YES_ERROR;
				GCC_WARN_UNDECLARED_SELECTOR = YES;
				GCC_WARN_UNINITIALIZED_AUTOS = YES_AGGRESSIVE;
				GCC_WARN_UNUSED_FUNCTION = YES;
				GCC_WARN_UNUSED_VARIABLE = YES;
				LOCALIZATION_PREFERS_STRING_CATALOGS = YES;
				MTL_ENABLE_DEBUG_INFO = NO;
				MTL_FAST_MATH = YES;
				SWIFT_COMPILATION_MODE = wholemodule;
			};
			name = Release;
		};
		87B6074C2E597AF7009518A2 /* Debug */ = {
			isa = XCBuildConfiguration;
			buildSettings = {
				ASSETCATALOG_COMPILER_APPICON_NAME = AppIcon;
				ASSETCATALOG_COMPILER_GLOBAL_ACCENT_COLOR_NAME = AccentColor;
				CODE_SIGN_STYLE = Automatic;
				CURRENT_PROJECT_VERSION = 1;
				DEVELOPMENT_TEAM = "";
				ENABLE_APP_SANDBOX = YES;
				ENABLE_HARDENED_RUNTIME = YES;
				ENABLE_PREVIEWS = YES;
				ENABLE_USER_SELECTED_FILES = readonly;
				GENERATE_INFOPLIST_FILE = YES;
				INFOPLIST_FILE = "NetO-JunctionAsia2025-Info.plist";
				"INFOPLIST_KEY_UIApplicationSceneManifest_Generation[sdk=iphoneos*]" = YES;
				"INFOPLIST_KEY_UIApplicationSceneManifest_Generation[sdk=iphonesimulator*]" = YES;
				"INFOPLIST_KEY_UIApplicationSupportsIndirectInputEvents[sdk=iphoneos*]" = YES;
				"INFOPLIST_KEY_UIApplicationSupportsIndirectInputEvents[sdk=iphonesimulator*]" = YES;
				"INFOPLIST_KEY_UILaunchScreen_Generation[sdk=iphoneos*]" = YES;
				"INFOPLIST_KEY_UILaunchScreen_Generation[sdk=iphonesimulator*]" = YES;
				"INFOPLIST_KEY_UIStatusBarStyle[sdk=iphoneos*]" = UIStatusBarStyleDefault;
				"INFOPLIST_KEY_UIStatusBarStyle[sdk=iphonesimulator*]" = UIStatusBarStyleDefault;
				INFOPLIST_KEY_UISupportedInterfaceOrientations_iPad = "UIInterfaceOrientationPortrait UIInterfaceOrientationPortraitUpsideDown UIInterfaceOrientationLandscapeLeft UIInterfaceOrientationLandscapeRight";
				INFOPLIST_KEY_UISupportedInterfaceOrientations_iPhone = "UIInterfaceOrientationPortrait UIInterfaceOrientationLandscapeLeft UIInterfaceOrientationLandscapeRight";
				IPHONEOS_DEPLOYMENT_TARGET = 16.0;
				LD_RUNPATH_SEARCH_PATHS = "@executable_path/Frameworks";
				"LD_RUNPATH_SEARCH_PATHS[sdk=macosx*]" = "@executable_path/../Frameworks";
				MACOSX_DEPLOYMENT_TARGET = 26.0;
				MARKETING_VERSION = 1.0;
				PRODUCT_BUNDLE_IDENTIFIER = "jiwonpark.gigi.NetO-JunctionAsia2025";
				PRODUCT_NAME = "$(TARGET_NAME)";
				REGISTER_APP_GROUPS = YES;
				SDKROOT = auto;
				STRING_CATALOG_GENERATE_SYMBOLS = YES;
				SUPPORTED_PLATFORMS = "iphoneos iphonesimulator macosx xros xrsimulator";
				SWIFT_APPROACHABLE_CONCURRENCY = YES;
				SWIFT_DEFAULT_ACTOR_ISOLATION = MainActor;
				SWIFT_EMIT_LOC_STRINGS = YES;
				SWIFT_UPCOMING_FEATURE_MEMBER_IMPORT_VISIBILITY = YES;
				SWIFT_VERSION = 5.0;
				TARGETED_DEVICE_FAMILY = "1,2,7";
				XROS_DEPLOYMENT_TARGET = 26.0;
			};
			name = Debug;
		};
		87B6074D2E597AF7009518A2 /* Release */ = {
			isa = XCBuildConfiguration;
			buildSettings = {
				ASSETCATALOG_COMPILER_APPICON_NAME = AppIcon;
				ASSETCATALOG_COMPILER_GLOBAL_ACCENT_COLOR_NAME = AccentColor;
				CODE_SIGN_STYLE = Automatic;
				CURRENT_PROJECT_VERSION = 1;
				DEVELOPMENT_TEAM = "";
				ENABLE_APP_SANDBOX = YES;
				ENABLE_HARDENED_RUNTIME = YES;
				ENABLE_PREVIEWS = YES;
				ENABLE_USER_SELECTED_FILES = readonly;
				GENERATE_INFOPLIST_FILE = YES;
				INFOPLIST_FILE = "NetO-JunctionAsia2025-Info.plist";
				"INFOPLIST_KEY_UIApplicationSceneManifest_Generation[sdk=iphoneos*]" = YES;
				"INFOPLIST_KEY_UIApplicationSceneManifest_Generation[sdk=iphonesimulator*]" = YES;
				"INFOPLIST_KEY_UIApplicationSupportsIndirectInputEvents[sdk=iphoneos*]" = YES;
				"INFOPLIST_KEY_UIApplicationSupportsIndirectInputEvents[sdk=iphonesimulator*]" = YES;
				"INFOPLIST_KEY_UILaunchScreen_Generation[sdk=iphoneos*]" = YES;
				"INFOPLIST_KEY_UILaunchScreen_Generation[sdk=iphonesimulator*]" = YES;
				"INFOPLIST_KEY_UIStatusBarStyle[sdk=iphoneos*]" = UIStatusBarStyleDefault;
				"INFOPLIST_KEY_UIStatusBarStyle[sdk=iphonesimulator*]" = UIStatusBarStyleDefault;
				INFOPLIST_KEY_UISupportedInterfaceOrientations_iPad = "UIInterfaceOrientationPortrait UIInterfaceOrientationPortraitUpsideDown UIInterfaceOrientationLandscapeLeft UIInterfaceOrientationLandscapeRight";
				INFOPLIST_KEY_UISupportedInterfaceOrientations_iPhone = "UIInterfaceOrientationPortrait UIInterfaceOrientationLandscapeLeft UIInterfaceOrientationLandscapeRight";
				IPHONEOS_DEPLOYMENT_TARGET = 16.0;
				LD_RUNPATH_SEARCH_PATHS = "@executable_path/Frameworks";
				"LD_RUNPATH_SEARCH_PATHS[sdk=macosx*]" = "@executable_path/../Frameworks";
				MACOSX_DEPLOYMENT_TARGET = 26.0;
				MARKETING_VERSION = 1.0;
				PRODUCT_BUNDLE_IDENTIFIER = "jiwonpark.gigi.NetO-JunctionAsia2025";
				PRODUCT_NAME = "$(TARGET_NAME)";
				REGISTER_APP_GROUPS = YES;
				SDKROOT = auto;
				STRING_CATALOG_GENERATE_SYMBOLS = YES;
				SUPPORTED_PLATFORMS = "iphoneos iphonesimulator macosx xros xrsimulator";
				SWIFT_APPROACHABLE_CONCURRENCY = YES;
				SWIFT_DEFAULT_ACTOR_ISOLATION = MainActor;
				SWIFT_EMIT_LOC_STRINGS = YES;
				SWIFT_UPCOMING_FEATURE_MEMBER_IMPORT_VISIBILITY = YES;
				SWIFT_VERSION = 5.0;
				TARGETED_DEVICE_FAMILY = "1,2,7";
				XROS_DEPLOYMENT_TARGET = 26.0;
			};
			name = Release;
		};
/* End XCBuildConfiguration section */

/* Begin XCConfigurationList section */
		87B6073B2E597AF5009518A2 /* Build configuration list for PBXProject "NetO_JunctionAsia2025" */ = {
			isa = XCConfigurationList;
			buildConfigurations = (
				87B607492E597AF7009518A2 /* Debug */,
				87B6074A2E597AF7009518A2 /* Release */,
			);
			defaultConfigurationIsVisible = 0;
			defaultConfigurationName = Release;
		};
		87B6074B2E597AF7009518A2 /* Build configuration list for PBXNativeTarget "NetO_JunctionAsia2025" */ = {
			isa = XCConfigurationList;
			buildConfigurations = (
				87B6074C2E597AF7009518A2 /* Debug */,
				87B6074D2E597AF7009518A2 /* Release */,
			);
			defaultConfigurationIsVisible = 0;
			defaultConfigurationName = Release;
		};
/* End XCConfigurationList section */

/* Begin XCRemoteSwiftPackageReference section */
		873331F32E5A5CF80074DE5E /* XCRemoteSwiftPackageReference "FSCalendar" */ = {
			isa = XCRemoteSwiftPackageReference;
			repositoryURL = "https://github.com/WenchaoD/FSCalendar.git";
			requirement = {
				kind = upToNextMajorVersion;
				minimumVersion = 2.8.4;
			};
		};
		87B607502E597EAB009518A2 /* XCRemoteSwiftPackageReference "firebase-ios-sdk" */ = {
			isa = XCRemoteSwiftPackageReference;
			repositoryURL = "https://github.com/firebase/firebase-ios-sdk";
			requirement = {
				kind = upToNextMajorVersion;
				minimumVersion = 12.1.0;
			};
		};
		87B607A02E59F07A009518A2 /* XCRemoteSwiftPackageReference "GoogleSignIn-iOS" */ = {
			isa = XCRemoteSwiftPackageReference;
			repositoryURL = "https://github.com/google/GoogleSignIn-iOS";
			requirement = {
				kind = upToNextMajorVersion;
				minimumVersion = 9.0.0;
			};
		};
		87B608322E5A210B009518A2 /* XCRemoteSwiftPackageReference "lottie-ios" */ = {
			isa = XCRemoteSwiftPackageReference;
			repositoryURL = "https://github.com/airbnb/lottie-ios";
			requirement = {
				kind = upToNextMajorVersion;
				minimumVersion = 4.5.2;
			};
		};
/* End XCRemoteSwiftPackageReference section */

/* Begin XCSwiftPackageProductDependency section */
		873331F42E5A5CF80074DE5E /* FSCalendar */ = {
			isa = XCSwiftPackageProductDependency;
			package = 873331F32E5A5CF80074DE5E /* XCRemoteSwiftPackageReference "FSCalendar" */;
			productName = FSCalendar;
		};
		87B607512E597EAB009518A2 /* FirebaseAI */ = {
			isa = XCSwiftPackageProductDependency;
			package = 87B607502E597EAB009518A2 /* XCRemoteSwiftPackageReference "firebase-ios-sdk" */;
			productName = FirebaseAI;
		};
		87B607532E597EAB009518A2 /* FirebaseAnalytics */ = {
			isa = XCSwiftPackageProductDependency;
			package = 87B607502E597EAB009518A2 /* XCRemoteSwiftPackageReference "firebase-ios-sdk" */;
			productName = FirebaseAnalytics;
		};
		87B607552E597EAB009518A2 /* FirebaseAnalyticsCore */ = {
			isa = XCSwiftPackageProductDependency;
			package = 87B607502E597EAB009518A2 /* XCRemoteSwiftPackageReference "firebase-ios-sdk" */;
			productName = FirebaseAnalyticsCore;
		};
		87B607572E597EAB009518A2 /* FirebaseAnalyticsIdentitySupport */ = {
			isa = XCSwiftPackageProductDependency;
			package = 87B607502E597EAB009518A2 /* XCRemoteSwiftPackageReference "firebase-ios-sdk" */;
			productName = FirebaseAnalyticsIdentitySupport;
		};
		87B607592E597EAB009518A2 /* FirebaseAppCheck */ = {
			isa = XCSwiftPackageProductDependency;
			package = 87B607502E597EAB009518A2 /* XCRemoteSwiftPackageReference "firebase-ios-sdk" */;
			productName = FirebaseAppCheck;
		};
		87B6075B2E597EAB009518A2 /* FirebaseAppDistribution-Beta */ = {
			isa = XCSwiftPackageProductDependency;
			package = 87B607502E597EAB009518A2 /* XCRemoteSwiftPackageReference "firebase-ios-sdk" */;
			productName = "FirebaseAppDistribution-Beta";
		};
		87B6075D2E597EAB009518A2 /* FirebaseAuth */ = {
			isa = XCSwiftPackageProductDependency;
			package = 87B607502E597EAB009518A2 /* XCRemoteSwiftPackageReference "firebase-ios-sdk" */;
			productName = FirebaseAuth;
		};
		87B6075F2E597EAB009518A2 /* FirebaseAuthCombine-Community */ = {
			isa = XCSwiftPackageProductDependency;
			package = 87B607502E597EAB009518A2 /* XCRemoteSwiftPackageReference "firebase-ios-sdk" */;
			productName = "FirebaseAuthCombine-Community";
		};
		87B607612E597EAB009518A2 /* FirebaseCore */ = {
			isa = XCSwiftPackageProductDependency;
			package = 87B607502E597EAB009518A2 /* XCRemoteSwiftPackageReference "firebase-ios-sdk" */;
			productName = FirebaseCore;
		};
		87B607632E597EAB009518A2 /* FirebaseCrashlytics */ = {
			isa = XCSwiftPackageProductDependency;
			package = 87B607502E597EAB009518A2 /* XCRemoteSwiftPackageReference "firebase-ios-sdk" */;
			productName = FirebaseCrashlytics;
		};
		87B607652E597EAB009518A2 /* FirebaseDatabase */ = {
			isa = XCSwiftPackageProductDependency;
			package = 87B607502E597EAB009518A2 /* XCRemoteSwiftPackageReference "firebase-ios-sdk" */;
			productName = FirebaseDatabase;
		};
		87B607672E597EAB009518A2 /* FirebaseFirestore */ = {
			isa = XCSwiftPackageProductDependency;
			package = 87B607502E597EAB009518A2 /* XCRemoteSwiftPackageReference "firebase-ios-sdk" */;
			productName = FirebaseFirestore;
		};
		87B607692E597EAB009518A2 /* FirebaseFirestoreCombine-Community */ = {
			isa = XCSwiftPackageProductDependency;
			package = 87B607502E597EAB009518A2 /* XCRemoteSwiftPackageReference "firebase-ios-sdk" */;
			productName = "FirebaseFirestoreCombine-Community";
		};
		87B6076B2E597EAB009518A2 /* FirebaseFunctions */ = {
			isa = XCSwiftPackageProductDependency;
			package = 87B607502E597EAB009518A2 /* XCRemoteSwiftPackageReference "firebase-ios-sdk" */;
			productName = FirebaseFunctions;
		};
		87B6076D2E597EAB009518A2 /* FirebaseFunctionsCombine-Community */ = {
			isa = XCSwiftPackageProductDependency;
			package = 87B607502E597EAB009518A2 /* XCRemoteSwiftPackageReference "firebase-ios-sdk" */;
			productName = "FirebaseFunctionsCombine-Community";
		};
		87B6076F2E597EAB009518A2 /* FirebaseInAppMessaging-Beta */ = {
			isa = XCSwiftPackageProductDependency;
			package = 87B607502E597EAB009518A2 /* XCRemoteSwiftPackageReference "firebase-ios-sdk" */;
			productName = "FirebaseInAppMessaging-Beta";
		};
		87B607712E597EAB009518A2 /* FirebaseInstallations */ = {
			isa = XCSwiftPackageProductDependency;
			package = 87B607502E597EAB009518A2 /* XCRemoteSwiftPackageReference "firebase-ios-sdk" */;
			productName = FirebaseInstallations;
		};
		87B607732E597EAB009518A2 /* FirebaseMLModelDownloader */ = {
			isa = XCSwiftPackageProductDependency;
			package = 87B607502E597EAB009518A2 /* XCRemoteSwiftPackageReference "firebase-ios-sdk" */;
			productName = FirebaseMLModelDownloader;
		};
		87B607752E597EAB009518A2 /* FirebaseMessaging */ = {
			isa = XCSwiftPackageProductDependency;
			package = 87B607502E597EAB009518A2 /* XCRemoteSwiftPackageReference "firebase-ios-sdk" */;
			productName = FirebaseMessaging;
		};
		87B607772E597EAB009518A2 /* FirebasePerformance */ = {
			isa = XCSwiftPackageProductDependency;
			package = 87B607502E597EAB009518A2 /* XCRemoteSwiftPackageReference "firebase-ios-sdk" */;
			productName = FirebasePerformance;
		};
		87B607792E597EAB009518A2 /* FirebaseRemoteConfig */ = {
			isa = XCSwiftPackageProductDependency;
			package = 87B607502E597EAB009518A2 /* XCRemoteSwiftPackageReference "firebase-ios-sdk" */;
			productName = FirebaseRemoteConfig;
		};
		87B6077B2E597EAB009518A2 /* FirebaseStorage */ = {
			isa = XCSwiftPackageProductDependency;
			package = 87B607502E597EAB009518A2 /* XCRemoteSwiftPackageReference "firebase-ios-sdk" */;
			productName = FirebaseStorage;
		};
		87B6077D2E597EAB009518A2 /* FirebaseStorageCombine-Community */ = {
			isa = XCSwiftPackageProductDependency;
			package = 87B607502E597EAB009518A2 /* XCRemoteSwiftPackageReference "firebase-ios-sdk" */;
			productName = "FirebaseStorageCombine-Community";
		};
		87B607A12E59F07A009518A2 /* GoogleSignIn */ = {
			isa = XCSwiftPackageProductDependency;
			package = 87B607A02E59F07A009518A2 /* XCRemoteSwiftPackageReference "GoogleSignIn-iOS" */;
			productName = GoogleSignIn;
		};
		87B607A32E59F07A009518A2 /* GoogleSignInSwift */ = {
			isa = XCSwiftPackageProductDependency;
			package = 87B607A02E59F07A009518A2 /* XCRemoteSwiftPackageReference "GoogleSignIn-iOS" */;
			productName = GoogleSignInSwift;
		};
		87B608332E5A210B009518A2 /* Lottie */ = {
			isa = XCSwiftPackageProductDependency;
			package = 87B608322E5A210B009518A2 /* XCRemoteSwiftPackageReference "lottie-ios" */;
			productName = Lottie;
		};
/* End XCSwiftPackageProductDependency section */
	};
	rootObject = 87B607382E597AF5009518A2 /* Project object */;
}
